
Microsoft Visual Studio Solution File, Format Version 12.00
# Visual Studio Version 16
VisualStudioVersion = 16.0.30413.136
MinimumVisualStudioVersion = 10.0.40219.1
Project("{FAE04EC0-301F-11D3-BF4B-00C04F79EFBC}") = "DBMVC", "DBMVC\DBMVC.csproj", "{89F98A7D-7B0C-43C7-8AB0-DCD22182B5B1}"
EndProject
Project("{FAE04EC0-301F-11D3-BF4B-00C04F79EFBC}") = "CLDataBaseLayer", "CLDataBaseLayer\CLDataBaseLayer.csproj", "{5A1BC122-79A9-4DA6-938E-2E2118C0BDD1}"
EndProject
Project("{FAE04EC0-301F-11D3-BF4B-00C04F79EFBC}") = "CLModelLayer", "ModelLayer\CLModelLayer.csproj", "{69DED523-FA47-453C-8AB0-E0A77371C5A9}"
EndProject
Project("{FAE04EC0-301F-11D3-BF4B-00C04F79EFBC}") = "WebApiProject", "WebApiProject\WebApiProject.csproj", "{F5244558-6EEF-4F71-9DFA-FDF378D1ED36}"
EndProject
Global
	GlobalSection(SolutionConfigurationPlatforms) = preSolution
		Debug|Any CPU = Debug|Any CPU
		Release|Any CPU = Release|Any CPU
	EndGlobalSection
	GlobalSection(ProjectConfigurationPlatforms) = postSolution
		{89F98A7D-7B0C-43C7-8AB0-DCD22182B5B1}.Debug|Any CPU.ActiveCfg = Debug|Any CPU
		{89F98A7D-7B0C-43C7-8AB0-DCD22182B5B1}.Debug|Any CPU.Build.0 = Debug|Any CPU
		{89F98A7D-7B0C-43C7-8AB0-DCD22182B5B1}.Release|Any CPU.ActiveCfg = Release|Any CPU
		{89F98A7D-7B0C-43C7-8AB0-DCD22182B5B1}.Release|Any CPU.Build.0 = Release|Any CPU
		{5A1BC122-79A9-4DA6-938E-2E2118C0BDD1}.Debug|Any CPU.ActiveCfg = Debug|Any CPU
		{5A1BC122-79A9-4DA6-938E-2E2118C0BDD1}.Debug|Any CPU.Build.0 = Debug|Any CPU
		{5A1BC122-79A9-4DA6-938E-2E2118C0BDD1}.Release|Any CPU.ActiveCfg = Release|Any CPU
		{5A1BC122-79A9-4DA6-938E-2E2118C0BDD1}.Release|Any CPU.Build.0 = Release|Any CPU
		{69DED523-FA47-453C-8AB0-E0A77371C5A9}.Debug|Any CPU.ActiveCfg = Debug|Any CPU
		{69DED523-FA47-453C-8AB0-E0A77371C5A9}.Debug|Any CPU.Build.0 = Debug|Any CPU
		{69DED523-FA47-453C-8AB0-E0A77371C5A9}.Release|Any CPU.ActiveCfg = Release|Any CPU
		{69DED523-FA47-453C-8AB0-E0A77371C5A9}.Release|Any CPU.Build.0 = Release|Any CPU
		{F5244558-6EEF-4F71-9DFA-FDF378D1ED36}.Debug|Any CPU.ActiveCfg = Debug|Any CPU
		{F5244558-6EEF-4F71-9DFA-FDF378D1ED36}.Debug|Any CPU.Build.0 = Debug|Any CPU
		{F5244558-6EEF-4F71-9DFA-FDF378D1ED36}.Release|Any CPU.ActiveCfg = Release|Any CPU
		{F5244558-6EEF-4F71-9DFA-FDF378D1ED36}.Release|Any CPU.Build.0 = Release|Any CPU
	EndGlobalSection
	GlobalSection(SolutionProperties) = preSolution
		HideSolutionNode = FALSE
	EndGlobalSection
	GlobalSection(ExtensibilityGlobals) = postSolution
		SolutionGuid = {113CF51A-A184-4B7F-BFD7-16D697D08EA3}
	EndGlobalSection
EndGlobal
